
Microsoft Visual Studio Solution File, Format Version 12.00
# Visual Studio Version 16
VisualStudioVersion = 16.0.33027.164
MinimumVisualStudioVersion = 10.0.40219.1
Project("{9A19103F-16F7-4668-BE54-9A1E7A4F7556}") = "TCC_PDI", "TCC_PDI\TCC_PDI.csproj", "{352B79A2-4BF9-4EB4-A286-BB0D2FD94B68}"
EndProject
Project("{2150E333-8FDC-42A3-9474-1A3956D46DE8}") = "Solution Items", "Solution Items", "{393A4B1E-62C6-4A2F-94F3-B7AF3DD627B7}"
	ProjectSection(SolutionItems) = preProject
		.editorconfig = .editorconfig
	EndProjectSection
EndProject
Global
	GlobalSection(SolutionConfigurationPlatforms) = preSolution
		Debug|Any CPU = Debug|Any CPU
		Release|Any CPU = Release|Any CPU
	EndGlobalSection
	GlobalSection(ProjectConfigurationPlatforms) = postSolution
		{352B79A2-4BF9-4EB4-A286-BB0D2FD94B68}.Debug|Any CPU.ActiveCfg = Debug|Any CPU
		{352B79A2-4BF9-4EB4-A286-BB0D2FD94B68}.Debug|Any CPU.Build.0 = Debug|Any CPU
		{352B79A2-4BF9-4EB4-A286-BB0D2FD94B68}.Release|Any CPU.ActiveCfg = Release|Any CPU
		{352B79A2-4BF9-4EB4-A286-BB0D2FD94B68}.Release|Any CPU.Build.0 = Release|Any CPU
	EndGlobalSection
	GlobalSection(SolutionProperties) = preSolution
		HideSolutionNode = FALSE
	EndGlobalSection
	GlobalSection(ExtensibilityGlobals) = postSolution
		SolutionGuid = {4BC98E44-4EE2-40B0-AF9F-69494ED3CD49}
	EndGlobalSection
EndGlobal
